{
	"name": "amalfa",
	"version": "1.0.31",
	"lockfileVersion": 3,
	"requires": true,
	"packages": {
		"": {
			"name": "amalfa",
			"version": "1.0.31",
			"license": "MIT",
			"dependencies": {
				"@modelcontextprotocol/sdk": "1.25.2",
				"fastembed": "2.0.0",
				"graphology": "^0.26.0",
				"graphology-library": "^0.8.0",
				"pino": "^10.1.0"
			},
			"bin": {
				"amalfa": "src/cli.ts"
			},
			"devDependencies": {
				"@biomejs/biome": "2.3.8",
				"@types/bun": "1.3.4",
				"only-allow": "^1.2.2",
				"pino-pretty": "^13.1.3"
			},
			"engines": {
				"bun": ">=1.0.0"
			}
		},
		"node_modules/@anush008/tokenizers": {
			"version": "0.0.0",
			"license": "MIT",
			"engines": {
				"node": ">= 10"
			},
			"optionalDependencies": {
				"@anush008/tokenizers-darwin-universal": "0.0.0",
				"@anush008/tokenizers-linux-x64-gnu": "0.0.0",
				"@anush008/tokenizers-win32-x64-msvc": "0.0.0"
			}
		},
		"node_modules/@anush008/tokenizers-darwin-universal": {
			"version": "0.0.0",
			"license": "MIT",
			"optional": true,
			"os": [
				"darwin"
			],
			"engines": {
				"node": ">= 10"
			}
		},
		"node_modules/@anush008/tokenizers-linux-x64-gnu": {
			"version": "0.0.0",
			"resolved": "https://registry.npmjs.org/@anush008/tokenizers-linux-x64-gnu/-/tokenizers-linux-x64-gnu-0.0.0.tgz",
			"integrity": "sha512-TLjByOPWUEq51L3EJkS+slyH57HKJ7lAz/aBtEt7TIPq4QsE2owOPGovByOLIq1x5Wgh9b+a4q2JasrEFSDDhg==",
			"cpu": [
				"x64"
			],
			"license": "MIT",
			"optional": true,
			"os": [
				"linux"
			],
			"engines": {
				"node": ">= 10"
			}
		},
		"node_modules/@anush008/tokenizers-win32-x64-msvc": {
			"version": "0.0.0",
			"resolved": "https://registry.npmjs.org/@anush008/tokenizers-win32-x64-msvc/-/tokenizers-win32-x64-msvc-0.0.0.tgz",
			"integrity": "sha512-/5kP0G96+Cr6947F0ZetXnmL31YCaN15dbNbh2NHg7TXXRwfqk95+JtPP5Q7v4jbR2xxAmuseBqB4H/V7zKWuw==",
			"cpu": [
				"x64"
			],
			"license": "MIT",
			"optional": true,
			"os": [
				"win32"
			],
			"engines": {
				"node": ">= 10"
			}
		},
		"node_modules/@biomejs/biome": {
			"version": "2.3.8",
			"dev": true,
			"license": "MIT OR Apache-2.0",
			"bin": {
				"biome": "bin/biome"
			},
			"engines": {
				"node": ">=14.21.3"
			},
			"funding": {
				"type": "opencollective",
				"url": "https://opencollective.com/biome"
			},
			"optionalDependencies": {
				"@biomejs/cli-darwin-arm64": "2.3.8",
				"@biomejs/cli-darwin-x64": "2.3.8",
				"@biomejs/cli-linux-arm64": "2.3.8",
				"@biomejs/cli-linux-arm64-musl": "2.3.8",
				"@biomejs/cli-linux-x64": "2.3.8",
				"@biomejs/cli-linux-x64-musl": "2.3.8",
				"@biomejs/cli-win32-arm64": "2.3.8",
				"@biomejs/cli-win32-x64": "2.3.8"
			}
		},
		"node_modules/@biomejs/cli-darwin-arm64": {
			"version": "2.3.8",
			"cpu": [
				"arm64"
			],
			"dev": true,
			"license": "MIT OR Apache-2.0",
			"optional": true,
			"os": [
				"darwin"
			],
			"engines": {
				"node": ">=14.21.3"
			}
		},
		"node_modules/@biomejs/cli-darwin-x64": {
			"version": "2.3.8",
			"resolved": "https://registry.npmjs.org/@biomejs/cli-darwin-x64/-/cli-darwin-x64-2.3.8.tgz",
			"integrity": "sha512-lUDQ03D7y/qEao7RgdjWVGCu+BLYadhKTm40HkpJIi6kn8LSv5PAwRlew/DmwP4YZ9ke9XXoTIQDO1vAnbRZlA==",
			"cpu": [
				"x64"
			],
			"dev": true,
			"license": "MIT OR Apache-2.0",
			"optional": true,
			"os": [
				"darwin"
			],
			"engines": {
				"node": ">=14.21.3"
			}
		},
		"node_modules/@biomejs/cli-linux-arm64": {
			"version": "2.3.8",
			"resolved": "https://registry.npmjs.org/@biomejs/cli-linux-arm64/-/cli-linux-arm64-2.3.8.tgz",
			"integrity": "sha512-Uo1OJnIkJgSgF+USx970fsM/drtPcQ39I+JO+Fjsaa9ZdCN1oysQmy6oAGbyESlouz+rzEckLTF6DS7cWse95g==",
			"cpu": [
				"arm64"
			],
			"dev": true,
			"license": "MIT OR Apache-2.0",
			"optional": true,
			"os": [
				"linux"
			],
			"engines": {
				"node": ">=14.21.3"
			}
		},
		"node_modules/@biomejs/cli-linux-arm64-musl": {
			"version": "2.3.8",
			"resolved": "https://registry.npmjs.org/@biomejs/cli-linux-arm64-musl/-/cli-linux-arm64-musl-2.3.8.tgz",
			"integrity": "sha512-PShR4mM0sjksUMyxbyPNMxoKFPVF48fU8Qe8Sfx6w6F42verbwRLbz+QiKNiDPRJwUoMG1nPM50OBL3aOnTevA==",
			"cpu": [
				"arm64"
			],
			"dev": true,
			"license": "MIT OR Apache-2.0",
			"optional": true,
			"os": [
				"linux"
			],
			"engines": {
				"node": ">=14.21.3"
			}
		},
		"node_modules/@biomejs/cli-linux-x64": {
			"version": "2.3.8",
			"resolved": "https://registry.npmjs.org/@biomejs/cli-linux-x64/-/cli-linux-x64-2.3.8.tgz",
			"integrity": "sha512-QDPMD5bQz6qOVb3kiBui0zKZXASLo0NIQ9JVJio5RveBEFgDgsvJFUvZIbMbUZT3T00M/1wdzwWXk4GIh0KaAw==",
			"cpu": [
				"x64"
			],
			"dev": true,
			"license": "MIT OR Apache-2.0",
			"optional": true,
			"os": [
				"linux"
			],
			"engines": {
				"node": ">=14.21.3"
			}
		},
		"node_modules/@biomejs/cli-linux-x64-musl": {
			"version": "2.3.8",
			"resolved": "https://registry.npmjs.org/@biomejs/cli-linux-x64-musl/-/cli-linux-x64-musl-2.3.8.tgz",
			"integrity": "sha512-YGLkqU91r1276uwSjiUD/xaVikdxgV1QpsicT0bIA1TaieM6E5ibMZeSyjQ/izBn4tKQthUSsVZacmoJfa3pDA==",
			"cpu": [
				"x64"
			],
			"dev": true,
			"license": "MIT OR Apache-2.0",
			"optional": true,
			"os": [
				"linux"
			],
			"engines": {
				"node": ">=14.21.3"
			}
		},
		"node_modules/@biomejs/cli-win32-arm64": {
			"version": "2.3.8",
			"resolved": "https://registry.npmjs.org/@biomejs/cli-win32-arm64/-/cli-win32-arm64-2.3.8.tgz",
			"integrity": "sha512-H4IoCHvL1fXKDrTALeTKMiE7GGWFAraDwBYFquE/L/5r1927Te0mYIGseXi4F+lrrwhSWbSGt5qPFswNoBaCxg==",
			"cpu": [
				"arm64"
			],
			"dev": true,
			"license": "MIT OR Apache-2.0",
			"optional": true,
			"os": [
				"win32"
			],
			"engines": {
				"node": ">=14.21.3"
			}
		},
		"node_modules/@biomejs/cli-win32-x64": {
			"version": "2.3.8",
			"resolved": "https://registry.npmjs.org/@biomejs/cli-win32-x64/-/cli-win32-x64-2.3.8.tgz",
			"integrity": "sha512-RguzimPoZWtBapfKhKjcWXBVI91tiSprqdBYu7tWhgN8pKRZhw24rFeNZTNf6UiBfjCYCi9eFQs/JzJZIhuK4w==",
			"cpu": [
				"x64"
			],
			"dev": true,
			"license": "MIT OR Apache-2.0",
			"optional": true,
			"os": [
				"win32"
			],
			"engines": {
				"node": ">=14.21.3"
			}
		},
		"node_modules/@hono/node-server": {
			"version": "1.19.7",
			"license": "MIT",
			"engines": {
				"node": ">=18.14.1"
			},
			"peerDependencies": {
				"hono": "^4"
			}
		},
		"node_modules/@isaacs/fs-minipass": {
			"version": "4.0.1",
			"license": "ISC",
			"dependencies": {
				"minipass": "^7.0.4"
			},
			"engines": {
				"node": ">=18.0.0"
			}
		},
		"node_modules/@isaacs/fs-minipass/node_modules/minipass": {
			"version": "7.1.2",
			"license": "ISC",
			"engines": {
				"node": ">=16 || 14 >=14.17"
			}
		},
		"node_modules/@modelcontextprotocol/sdk": {
			"version": "1.25.2",
			"resolved": "https://registry.npmjs.org/@modelcontextprotocol/sdk/-/sdk-1.25.2.tgz",
			"integrity": "sha512-LZFeo4F9M5qOhC/Uc1aQSrBHxMrvxett+9KLHt7OhcExtoiRN9DKgbZffMP/nxjutWDQpfMDfP3nkHI4X9ijww==",
			"license": "MIT",
			"dependencies": {
				"@hono/node-server": "^1.19.7",
				"ajv": "^8.17.1",
				"ajv-formats": "^3.0.1",
				"content-type": "^1.0.5",
				"cors": "^2.8.5",
				"cross-spawn": "^7.0.5",
				"eventsource": "^3.0.2",
				"eventsource-parser": "^3.0.0",
				"express": "^5.0.1",
				"express-rate-limit": "^7.5.0",
				"jose": "^6.1.1",
				"json-schema-typed": "^8.0.2",
				"pkce-challenge": "^5.0.0",
				"raw-body": "^3.0.0",
				"zod": "^3.25 || ^4.0",
				"zod-to-json-schema": "^3.25.0"
			},
			"engines": {
				"node": ">=18"
			},
			"peerDependencies": {
				"@cfworker/json-schema": "^4.1.1",
				"zod": "^3.25 || ^4.0"
			},
			"peerDependenciesMeta": {
				"@cfworker/json-schema": {
					"optional": true
				},
				"zod": {
					"optional": false
				}
			}
		},
		"node_modules/@pinojs/redact": {
			"version": "0.4.0",
			"license": "MIT"
		},
		"node_modules/@types/bun": {
			"version": "1.3.4",
			"dev": true,
			"license": "MIT",
			"dependencies": {
				"bun-types": "1.3.4"
			}
		},
		"node_modules/@types/node": {
			"version": "24.10.1",
			"dev": true,
			"license": "MIT",
			"dependencies": {
				"undici-types": "~7.16.0"
			}
		},
		"node_modules/@xmldom/xmldom": {
			"version": "0.8.11",
			"license": "MIT",
			"engines": {
				"node": ">=10.0.0"
			}
		},
		"node_modules/@yomguithereal/helpers": {
			"version": "1.1.1",
			"license": "MIT"
		},
		"node_modules/accepts": {
			"version": "2.0.0",
			"license": "MIT",
			"dependencies": {
				"mime-types": "^3.0.0",
				"negotiator": "^1.0.0"
			},
			"engines": {
				"node": ">= 0.6"
			}
		},
		"node_modules/ajv": {
			"version": "8.17.1",
			"license": "MIT",
			"dependencies": {
				"fast-deep-equal": "^3.1.3",
				"fast-uri": "^3.0.1",
				"json-schema-traverse": "^1.0.0",
				"require-from-string": "^2.0.2"
			},
			"funding": {
				"type": "github",
				"url": "https://github.com/sponsors/epoberezkin"
			}
		},
		"node_modules/ajv-formats": {
			"version": "3.0.1",
			"license": "MIT",
			"dependencies": {
				"ajv": "^8.0.0"
			},
			"peerDependencies": {
				"ajv": "^8.0.0"
			},
			"peerDependenciesMeta": {
				"ajv": {
					"optional": true
				}
			}
		},
		"node_modules/atomic-sleep": {
			"version": "1.0.0",
			"license": "MIT",
			"engines": {
				"node": ">=8.0.0"
			}
		},
		"node_modules/body-parser": {
			"version": "2.2.1",
			"license": "MIT",
			"dependencies": {
				"bytes": "^3.1.2",
				"content-type": "^1.0.5",
				"debug": "^4.4.3",
				"http-errors": "^2.0.0",
				"iconv-lite": "^0.7.0",
				"on-finished": "^2.4.1",
				"qs": "^6.14.0",
				"raw-body": "^3.0.1",
				"type-is": "^2.0.1"
			},
			"engines": {
				"node": ">=18"
			},
			"funding": {
				"type": "opencollective",
				"url": "https://opencollective.com/express"
			}
		},
		"node_modules/boolean": {
			"version": "3.2.0",
			"license": "MIT"
		},
		"node_modules/bun-types": {
			"version": "1.3.4",
			"dev": true,
			"license": "MIT",
			"dependencies": {
				"@types/node": "*"
			}
		},
		"node_modules/bytes": {
			"version": "3.1.2",
			"license": "MIT",
			"engines": {
				"node": ">= 0.8"
			}
		},
		"node_modules/call-bind-apply-helpers": {
			"version": "1.0.2",
			"license": "MIT",
			"dependencies": {
				"es-errors": "^1.3.0",
				"function-bind": "^1.1.2"
			},
			"engines": {
				"node": ">= 0.4"
			}
		},
		"node_modules/call-bound": {
			"version": "1.0.4",
			"license": "MIT",
			"dependencies": {
				"call-bind-apply-helpers": "^1.0.2",
				"get-intrinsic": "^1.3.0"
			},
			"engines": {
				"node": ">= 0.4"
			},
			"funding": {
				"url": "https://github.com/sponsors/ljharb"
			}
		},
		"node_modules/chownr": {
			"version": "2.0.0",
			"license": "ISC",
			"engines": {
				"node": ">=10"
			}
		},
		"node_modules/colorette": {
			"version": "2.0.20",
			"dev": true,
			"license": "MIT"
		},
		"node_modules/content-disposition": {
			"version": "1.0.1",
			"license": "MIT",
			"engines": {
				"node": ">=18"
			},
			"funding": {
				"type": "opencollective",
				"url": "https://opencollective.com/express"
			}
		},
		"node_modules/content-type": {
			"version": "1.0.5",
			"license": "MIT",
			"engines": {
				"node": ">= 0.6"
			}
		},
		"node_modules/cookie": {
			"version": "0.7.2",
			"license": "MIT",
			"engines": {
				"node": ">= 0.6"
			}
		},
		"node_modules/cookie-signature": {
			"version": "1.2.2",
			"license": "MIT",
			"engines": {
				"node": ">=6.6.0"
			}
		},
		"node_modules/cors": {
			"version": "2.8.5",
			"license": "MIT",
			"dependencies": {
				"object-assign": "^4",
				"vary": "^1"
			},
			"engines": {
				"node": ">= 0.10"
			}
		},
		"node_modules/cross-spawn": {
			"version": "7.0.6",
			"license": "MIT",
			"dependencies": {
				"path-key": "^3.1.0",
				"shebang-command": "^2.0.0",
				"which": "^2.0.1"
			},
			"engines": {
				"node": ">= 8"
			}
		},
		"node_modules/dateformat": {
			"version": "4.6.3",
			"dev": true,
			"license": "MIT",
			"engines": {
				"node": "*"
			}
		},
		"node_modules/debug": {
			"version": "4.4.3",
			"license": "MIT",
			"dependencies": {
				"ms": "^2.1.3"
			},
			"engines": {
				"node": ">=6.0"
			},
			"peerDependenciesMeta": {
				"supports-color": {
					"optional": true
				}
			}
		},
		"node_modules/define-data-property": {
			"version": "1.1.4",
			"license": "MIT",
			"dependencies": {
				"es-define-property": "^1.0.0",
				"es-errors": "^1.3.0",
				"gopd": "^1.0.1"
			},
			"engines": {
				"node": ">= 0.4"
			},
			"funding": {
				"url": "https://github.com/sponsors/ljharb"
			}
		},
		"node_modules/define-properties": {
			"version": "1.2.1",
			"license": "MIT",
			"dependencies": {
				"define-data-property": "^1.0.1",
				"has-property-descriptors": "^1.0.0",
				"object-keys": "^1.1.1"
			},
			"engines": {
				"node": ">= 0.4"
			},
			"funding": {
				"url": "https://github.com/sponsors/ljharb"
			}
		},
		"node_modules/depd": {
			"version": "2.0.0",
			"license": "MIT",
			"engines": {
				"node": ">= 0.8"
			}
		},
		"node_modules/detect-node": {
			"version": "2.1.0",
			"license": "MIT"
		},
		"node_modules/dunder-proto": {
			"version": "1.0.1",
			"license": "MIT",
			"dependencies": {
				"call-bind-apply-helpers": "^1.0.1",
				"es-errors": "^1.3.0",
				"gopd": "^1.2.0"
			},
			"engines": {
				"node": ">= 0.4"
			}
		},
		"node_modules/ee-first": {
			"version": "1.1.1",
			"license": "MIT"
		},
		"node_modules/encodeurl": {
			"version": "2.0.0",
			"license": "MIT",
			"engines": {
				"node": ">= 0.8"
			}
		},
		"node_modules/end-of-stream": {
			"version": "1.4.5",
			"dev": true,
			"license": "MIT",
			"dependencies": {
				"once": "^1.4.0"
			}
		},
		"node_modules/es-define-property": {
			"version": "1.0.1",
			"license": "MIT",
			"engines": {
				"node": ">= 0.4"
			}
		},
		"node_modules/es-errors": {
			"version": "1.3.0",
			"license": "MIT",
			"engines": {
				"node": ">= 0.4"
			}
		},
		"node_modules/es-object-atoms": {
			"version": "1.1.1",
			"license": "MIT",
			"dependencies": {
				"es-errors": "^1.3.0"
			},
			"engines": {
				"node": ">= 0.4"
			}
		},
		"node_modules/es6-error": {
			"version": "4.1.1",
			"license": "MIT"
		},
		"node_modules/escape-html": {
			"version": "1.0.3",
			"license": "MIT"
		},
		"node_modules/escape-string-regexp": {
			"version": "4.0.0",
			"license": "MIT",
			"engines": {
				"node": ">=10"
			},
			"funding": {
				"url": "https://github.com/sponsors/sindresorhus"
			}
		},
		"node_modules/etag": {
			"version": "1.8.1",
			"license": "MIT",
			"engines": {
				"node": ">= 0.6"
			}
		},
		"node_modules/events": {
			"version": "3.3.0",
			"license": "MIT",
			"engines": {
				"node": ">=0.8.x"
			}
		},
		"node_modules/eventsource": {
			"version": "3.0.7",
			"license": "MIT",
			"dependencies": {
				"eventsource-parser": "^3.0.1"
			},
			"engines": {
				"node": ">=18.0.0"
			}
		},
		"node_modules/eventsource-parser": {
			"version": "3.0.6",
			"license": "MIT",
			"engines": {
				"node": ">=18.0.0"
			}
		},
		"node_modules/express": {
			"version": "5.2.1",
			"license": "MIT",
			"dependencies": {
				"accepts": "^2.0.0",
				"body-parser": "^2.2.1",
				"content-disposition": "^1.0.0",
				"content-type": "^1.0.5",
				"cookie": "^0.7.1",
				"cookie-signature": "^1.2.1",
				"debug": "^4.4.0",
				"depd": "^2.0.0",
				"encodeurl": "^2.0.0",
				"escape-html": "^1.0.3",
				"etag": "^1.8.1",
				"finalhandler": "^2.1.0",
				"fresh": "^2.0.0",
				"http-errors": "^2.0.0",
				"merge-descriptors": "^2.0.0",
				"mime-types": "^3.0.0",
				"on-finished": "^2.4.1",
				"once": "^1.4.0",
				"parseurl": "^1.3.3",
				"proxy-addr": "^2.0.7",
				"qs": "^6.14.0",
				"range-parser": "^1.2.1",
				"router": "^2.2.0",
				"send": "^1.1.0",
				"serve-static": "^2.2.0",
				"statuses": "^2.0.1",
				"type-is": "^2.0.1",
				"vary": "^1.1.2"
			},
			"engines": {
				"node": ">= 18"
			},
			"funding": {
				"type": "opencollective",
				"url": "https://opencollective.com/express"
			}
		},
		"node_modules/express-rate-limit": {
			"version": "7.5.1",
			"license": "MIT",
			"engines": {
				"node": ">= 16"
			},
			"funding": {
				"url": "https://github.com/sponsors/express-rate-limit"
			},
			"peerDependencies": {
				"express": ">= 4.11"
			}
		},
		"node_modules/fast-copy": {
			"version": "4.0.2",
			"dev": true,
			"license": "MIT"
		},
		"node_modules/fast-deep-equal": {
			"version": "3.1.3",
			"license": "MIT"
		},
		"node_modules/fast-safe-stringify": {
			"version": "2.1.1",
			"dev": true,
			"license": "MIT"
		},
		"node_modules/fast-uri": {
			"version": "3.1.0",
			"funding": [
				{
					"type": "github",
					"url": "https://github.com/sponsors/fastify"
				},
				{
					"type": "opencollective",
					"url": "https://opencollective.com/fastify"
				}
			],
			"license": "BSD-3-Clause"
		},
		"node_modules/fastembed": {
			"version": "2.0.0",
			"license": "MIT",
			"dependencies": {
				"@anush008/tokenizers": "^0.0.0",
				"onnxruntime-node": "1.21.0",
				"progress": "^2.0.3",
				"tar": "^6.2.0"
			}
		},
		"node_modules/finalhandler": {
			"version": "2.1.1",
			"license": "MIT",
			"dependencies": {
				"debug": "^4.4.0",
				"encodeurl": "^2.0.0",
				"escape-html": "^1.0.3",
				"on-finished": "^2.4.1",
				"parseurl": "^1.3.3",
				"statuses": "^2.0.1"
			},
			"engines": {
				"node": ">= 18.0.0"
			},
			"funding": {
				"type": "opencollective",
				"url": "https://opencollective.com/express"
			}
		},
		"node_modules/forwarded": {
			"version": "0.2.0",
			"license": "MIT",
			"engines": {
				"node": ">= 0.6"
			}
		},
		"node_modules/fresh": {
			"version": "2.0.0",
			"license": "MIT",
			"engines": {
				"node": ">= 0.8"
			}
		},
		"node_modules/fs-minipass": {
			"version": "2.1.0",
			"license": "ISC",
			"dependencies": {
				"minipass": "^3.0.0"
			},
			"engines": {
				"node": ">= 8"
			}
		},
		"node_modules/fs-minipass/node_modules/minipass": {
			"version": "3.3.6",
			"license": "ISC",
			"dependencies": {
				"yallist": "^4.0.0"
			},
			"engines": {
				"node": ">=8"
			}
		},
		"node_modules/function-bind": {
			"version": "1.1.2",
			"license": "MIT",
			"funding": {
				"url": "https://github.com/sponsors/ljharb"
			}
		},
		"node_modules/get-intrinsic": {
			"version": "1.3.0",
			"license": "MIT",
			"dependencies": {
				"call-bind-apply-helpers": "^1.0.2",
				"es-define-property": "^1.0.1",
				"es-errors": "^1.3.0",
				"es-object-atoms": "^1.1.1",
				"function-bind": "^1.1.2",
				"get-proto": "^1.0.1",
				"gopd": "^1.2.0",
				"has-symbols": "^1.1.0",
				"hasown": "^2.0.2",
				"math-intrinsics": "^1.1.0"
			},
			"engines": {
				"node": ">= 0.4"
			},
			"funding": {
				"url": "https://github.com/sponsors/ljharb"
			}
		},
		"node_modules/get-proto": {
			"version": "1.0.1",
			"license": "MIT",
			"dependencies": {
				"dunder-proto": "^1.0.1",
				"es-object-atoms": "^1.0.0"
			},
			"engines": {
				"node": ">= 0.4"
			}
		},
		"node_modules/global-agent": {
			"version": "3.0.0",
			"license": "BSD-3-Clause",
			"dependencies": {
				"boolean": "^3.0.1",
				"es6-error": "^4.1.1",
				"matcher": "^3.0.0",
				"roarr": "^2.15.3",
				"semver": "^7.3.2",
				"serialize-error": "^7.0.1"
			},
			"engines": {
				"node": ">=10.0"
			}
		},
		"node_modules/globalthis": {
			"version": "1.0.4",
			"license": "MIT",
			"dependencies": {
				"define-properties": "^1.2.1",
				"gopd": "^1.0.1"
			},
			"engines": {
				"node": ">= 0.4"
			},
			"funding": {
				"url": "https://github.com/sponsors/ljharb"
			}
		},
		"node_modules/gopd": {
			"version": "1.2.0",
			"license": "MIT",
			"engines": {
				"node": ">= 0.4"
			},
			"funding": {
				"url": "https://github.com/sponsors/ljharb"
			}
		},
		"node_modules/graphology": {
			"version": "0.26.0",
			"license": "MIT",
			"dependencies": {
				"events": "^3.3.0"
			},
			"peerDependencies": {
				"graphology-types": ">=0.24.0"
			}
		},
		"node_modules/graphology-assertions": {
			"version": "2.2.1",
			"license": "MIT",
			"dependencies": {
				"fast-deep-equal": "^3.1.3",
				"graphology-utils": "^2.1.2"
			},
			"peerDependencies": {
				"graphology-types": ">=0.19.0"
			}
		},
		"node_modules/graphology-canvas": {
			"version": "0.4.3",
			"license": "MIT",
			"dependencies": {
				"graphology-layout": "0.6.0",
				"graphology-utils": "^2.0.0"
			},
			"peerDependencies": {
				"graphology-types": ">=0.20.0"
			},
			"peerDependenciesMeta": {
				"canvas": {
					"optional": true
				}
			}
		},
		"node_modules/graphology-canvas/node_modules/graphology-layout": {
			"version": "0.6.0",
			"license": "MIT",
			"dependencies": {
				"graphology-utils": "^2.3.0",
				"pandemonium": "^1.5.0"
			},
			"peerDependencies": {
				"graphology-types": ">=0.19.0"
			}
		},
		"node_modules/graphology-canvas/node_modules/graphology-layout/node_modules/pandemonium": {
			"version": "1.5.0",
			"license": "MIT"
		},
		"node_modules/graphology-communities-louvain": {
			"version": "2.0.2",
			"license": "MIT",
			"dependencies": {
				"graphology-indices": "^0.17.0",
				"graphology-utils": "^2.4.4",
				"mnemonist": "^0.39.0",
				"pandemonium": "^2.4.1"
			},
			"peerDependencies": {
				"graphology-types": ">=0.19.0"
			}
		},
		"node_modules/graphology-components": {
			"version": "1.5.4",
			"license": "MIT",
			"dependencies": {
				"graphology-indices": "^0.17.0",
				"graphology-utils": "^2.1.2"
			},
			"peerDependencies": {
				"graphology-types": ">=0.19.0"
			}
		},
		"node_modules/graphology-generators": {
			"version": "0.11.2",
			"license": "MIT",
			"dependencies": {
				"graphology-metrics": "^2.0.0",
				"graphology-utils": "^2.3.0"
			},
			"peerDependencies": {
				"graphology-types": ">=0.19.0"
			}
		},
		"node_modules/graphology-gexf": {
			"version": "0.10.3",
			"license": "MIT",
			"dependencies": {
				"@xmldom/xmldom": "^0.8.3",
				"graphology-operators": "^1.5.0",
				"graphology-utils": "^2.4.1",
				"xml-writer": "^1.7.0"
			},
			"peerDependencies": {
				"graphology-types": ">=0.20.0"
			}
		},
		"node_modules/graphology-graphml": {
			"version": "0.5.2",
			"license": "MIT",
			"dependencies": {
				"@xmldom/xmldom": "^0.8.3",
				"graphology-operators": "^1.5.0",
				"graphology-utils": "^2.4.1",
				"xml-writer": "^1.7.0"
			}
		},
		"node_modules/graphology-indices": {
			"version": "0.17.0",
			"license": "MIT",
			"dependencies": {
				"graphology-utils": "^2.4.2",
				"mnemonist": "^0.39.0"
			},
			"peerDependencies": {
				"graphology-types": ">=0.20.0"
			}
		},
		"node_modules/graphology-layout": {
			"version": "0.6.1",
			"license": "MIT",
			"dependencies": {
				"graphology-utils": "^2.3.0",
				"pandemonium": "^2.4.0"
			},
			"peerDependencies": {
				"graphology-types": ">=0.19.0"
			}
		},
		"node_modules/graphology-layout-force": {
			"version": "0.2.4",
			"license": "MIT",
			"dependencies": {
				"graphology-utils": "^2.4.2"
			},
			"peerDependencies": {
				"graphology-types": ">=0.19.0"
			}
		},
		"node_modules/graphology-layout-forceatlas2": {
			"version": "0.10.1",
			"license": "MIT",
			"dependencies": {
				"graphology-utils": "^2.1.0"
			},
			"peerDependencies": {
				"graphology-types": ">=0.19.0"
			}
		},
		"node_modules/graphology-layout-noverlap": {
			"version": "0.4.2",
			"license": "MIT",
			"dependencies": {
				"graphology-utils": "^2.3.0"
			},
			"peerDependencies": {
				"graphology-types": ">=0.19.0"
			}
		},
		"node_modules/graphology-library": {
			"version": "0.8.0",
			"license": "MIT",
			"dependencies": {
				"graphology-assertions": "~2.2.1",
				"graphology-canvas": "^0.4.1",
				"graphology-communities-louvain": "~2.0.1",
				"graphology-components": "~1.5.4",
				"graphology-generators": "~0.11.2",
				"graphology-gexf": "~0.10.3",
				"graphology-graphml": "^0.5.2",
				"graphology-layout": "~0.6.1",
				"graphology-layout-force": "~0.2.4",
				"graphology-layout-forceatlas2": "~0.10.1",
				"graphology-layout-noverlap": "^0.4.2",
				"graphology-metrics": "~2.1.0",
				"graphology-operators": "~1.6.0",
				"graphology-shortest-path": "~2.0.2",
				"graphology-simple-path": "^0.2.0",
				"graphology-svg": "^0.1.3",
				"graphology-traversal": "^0.3.1",
				"graphology-utils": "~2.5.2"
			},
			"peerDependencies": {
				"graphology-types": ">=0.23.0"
			}
		},
		"node_modules/graphology-metrics": {
			"version": "2.1.0",
			"license": "MIT",
			"dependencies": {
				"graphology-shortest-path": "^2.0.0",
				"graphology-utils": "^2.4.4",
				"mnemonist": "^0.39.0"
			},
			"peerDependencies": {
				"graphology-types": ">=0.20.0"
			}
		},
		"node_modules/graphology-operators": {
			"version": "1.6.1",
			"license": "MIT",
			"dependencies": {
				"graphology-utils": "^2.0.0"
			},
			"peerDependencies": {
				"graphology-types": ">=0.20.0"
			}
		},
		"node_modules/graphology-shortest-path": {
			"version": "2.0.2",
			"license": "MIT",
			"dependencies": {
				"@yomguithereal/helpers": "^1.1.1",
				"graphology-indices": "^0.17.0",
				"graphology-utils": "^2.4.3",
				"mnemonist": "^0.39.0"
			},
			"peerDependencies": {
				"graphology-types": ">=0.20.0"
			}
		},
		"node_modules/graphology-simple-path": {
			"version": "0.2.0",
			"license": "MIT",
			"dependencies": {
				"graphology-utils": "^1.8.0",
				"mnemonist": "^0.39.0"
			},
			"peerDependencies": {
				"graphology-types": ">=0.20.0"
			}
		},
		"node_modules/graphology-simple-path/node_modules/graphology-utils": {
			"version": "1.8.0",
			"license": "MIT",
			"peerDependencies": {
				"graphology-types": ">=0.19.0"
			}
		},
		"node_modules/graphology-svg": {
			"version": "0.1.3",
			"license": "MIT",
			"dependencies": {
				"graphology-utils": "^2.3.0"
			}
		},
		"node_modules/graphology-traversal": {
			"version": "0.3.1",
			"license": "MIT",
			"dependencies": {
				"graphology-indices": "^0.17.0",
				"graphology-utils": "^2.0.0"
			},
			"peerDependencies": {
				"graphology-types": ">=0.20.0"
			}
		},
		"node_modules/graphology-types": {
			"version": "0.24.8",
			"license": "MIT",
			"peer": true
		},
		"node_modules/graphology-utils": {
			"version": "2.5.2",
			"license": "MIT",
			"peerDependencies": {
				"graphology-types": ">=0.23.0"
			}
		},
		"node_modules/has-property-descriptors": {
			"version": "1.0.2",
			"license": "MIT",
			"dependencies": {
				"es-define-property": "^1.0.0"
			},
			"funding": {
				"url": "https://github.com/sponsors/ljharb"
			}
		},
		"node_modules/has-symbols": {
			"version": "1.1.0",
			"license": "MIT",
			"engines": {
				"node": ">= 0.4"
			},
			"funding": {
				"url": "https://github.com/sponsors/ljharb"
			}
		},
		"node_modules/hasown": {
			"version": "2.0.2",
			"license": "MIT",
			"dependencies": {
				"function-bind": "^1.1.2"
			},
			"engines": {
				"node": ">= 0.4"
			}
		},
		"node_modules/help-me": {
			"version": "5.0.0",
			"dev": true,
			"license": "MIT"
		},
		"node_modules/hono": {
			"version": "4.11.1",
			"license": "MIT",
			"peer": true,
			"engines": {
				"node": ">=16.9.0"
			}
		},
		"node_modules/http-errors": {
			"version": "2.0.1",
			"license": "MIT",
			"dependencies": {
				"depd": "~2.0.0",
				"inherits": "~2.0.4",
				"setprototypeof": "~1.2.0",
				"statuses": "~2.0.2",
				"toidentifier": "~1.0.1"
			},
			"engines": {
				"node": ">= 0.8"
			},
			"funding": {
				"type": "opencollective",
				"url": "https://opencollective.com/express"
			}
		},
		"node_modules/iconv-lite": {
			"version": "0.7.1",
			"license": "MIT",
			"dependencies": {
				"safer-buffer": ">= 2.1.2 < 3.0.0"
			},
			"engines": {
				"node": ">=0.10.0"
			},
			"funding": {
				"type": "opencollective",
				"url": "https://opencollective.com/express"
			}
		},
		"node_modules/inherits": {
			"version": "2.0.4",
			"license": "ISC"
		},
		"node_modules/ipaddr.js": {
			"version": "1.9.1",
			"license": "MIT",
			"engines": {
				"node": ">= 0.10"
			}
		},
		"node_modules/is-promise": {
			"version": "4.0.0",
			"license": "MIT"
		},
		"node_modules/isexe": {
			"version": "2.0.0",
			"license": "ISC"
		},
		"node_modules/jose": {
			"version": "6.1.3",
			"license": "MIT",
			"funding": {
				"url": "https://github.com/sponsors/panva"
			}
		},
		"node_modules/joycon": {
			"version": "3.1.1",
			"dev": true,
			"license": "MIT",
			"engines": {
				"node": ">=10"
			}
		},
		"node_modules/json-schema-traverse": {
			"version": "1.0.0",
			"license": "MIT"
		},
		"node_modules/json-schema-typed": {
			"version": "8.0.2",
			"license": "BSD-2-Clause"
		},
		"node_modules/json-stringify-safe": {
			"version": "5.0.1",
			"license": "ISC"
		},
		"node_modules/matcher": {
			"version": "3.0.0",
			"license": "MIT",
			"dependencies": {
				"escape-string-regexp": "^4.0.0"
			},
			"engines": {
				"node": ">=10"
			}
		},
		"node_modules/math-intrinsics": {
			"version": "1.1.0",
			"license": "MIT",
			"engines": {
				"node": ">= 0.4"
			}
		},
		"node_modules/media-typer": {
			"version": "1.1.0",
			"license": "MIT",
			"engines": {
				"node": ">= 0.8"
			}
		},
		"node_modules/merge-descriptors": {
			"version": "2.0.0",
			"license": "MIT",
			"engines": {
				"node": ">=18"
			},
			"funding": {
				"url": "https://github.com/sponsors/sindresorhus"
			}
		},
		"node_modules/mime-db": {
			"version": "1.54.0",
			"license": "MIT",
			"engines": {
				"node": ">= 0.6"
			}
		},
		"node_modules/mime-types": {
			"version": "3.0.2",
			"license": "MIT",
			"dependencies": {
				"mime-db": "^1.54.0"
			},
			"engines": {
				"node": ">=18"
			},
			"funding": {
				"type": "opencollective",
				"url": "https://opencollective.com/express"
			}
		},
		"node_modules/minimist": {
			"version": "1.2.8",
			"dev": true,
			"license": "MIT",
			"funding": {
				"url": "https://github.com/sponsors/ljharb"
			}
		},
		"node_modules/minipass": {
			"version": "5.0.0",
			"license": "ISC",
			"engines": {
				"node": ">=8"
			}
		},
		"node_modules/minizlib": {
			"version": "2.1.2",
			"license": "MIT",
			"dependencies": {
				"minipass": "^3.0.0",
				"yallist": "^4.0.0"
			},
			"engines": {
				"node": ">= 8"
			}
		},
		"node_modules/minizlib/node_modules/minipass": {
			"version": "3.3.6",
			"license": "ISC",
			"dependencies": {
				"yallist": "^4.0.0"
			},
			"engines": {
				"node": ">=8"
			}
		},
		"node_modules/mkdirp": {
			"version": "1.0.4",
			"license": "MIT",
			"bin": {
				"mkdirp": "bin/cmd.js"
			},
			"engines": {
				"node": ">=10"
			}
		},
		"node_modules/mnemonist": {
			"version": "0.39.8",
			"license": "MIT",
			"dependencies": {
				"obliterator": "^2.0.1"
			}
		},
		"node_modules/ms": {
			"version": "2.1.3",
			"license": "MIT"
		},
		"node_modules/negotiator": {
			"version": "1.0.0",
			"license": "MIT",
			"engines": {
				"node": ">= 0.6"
			}
		},
		"node_modules/object-assign": {
			"version": "4.1.1",
			"license": "MIT",
			"engines": {
				"node": ">=0.10.0"
			}
		},
		"node_modules/object-inspect": {
			"version": "1.13.4",
			"license": "MIT",
			"engines": {
				"node": ">= 0.4"
			},
			"funding": {
				"url": "https://github.com/sponsors/ljharb"
			}
		},
		"node_modules/object-keys": {
			"version": "1.1.1",
			"license": "MIT",
			"engines": {
				"node": ">= 0.4"
			}
		},
		"node_modules/obliterator": {
			"version": "2.0.5",
			"license": "MIT"
		},
		"node_modules/on-exit-leak-free": {
			"version": "2.1.2",
			"license": "MIT",
			"engines": {
				"node": ">=14.0.0"
			}
		},
		"node_modules/on-finished": {
			"version": "2.4.1",
			"license": "MIT",
			"dependencies": {
				"ee-first": "1.1.1"
			},
			"engines": {
				"node": ">= 0.8"
			}
		},
		"node_modules/once": {
			"version": "1.4.0",
			"license": "ISC",
			"dependencies": {
				"wrappy": "1"
			}
		},
		"node_modules/only-allow": {
			"version": "1.2.2",
			"dev": true,
			"license": "MIT",
			"dependencies": {
				"which-pm-runs": "1.1.0"
			},
			"bin": {
				"only-allow": "bin.js"
			}
		},
		"node_modules/onnxruntime-common": {
			"version": "1.21.0",
			"license": "MIT"
		},
		"node_modules/onnxruntime-node": {
			"version": "1.21.0",
			"hasInstallScript": true,
			"license": "MIT",
			"os": [
				"win32",
				"darwin",
				"linux"
			],
			"dependencies": {
				"global-agent": "^3.0.0",
				"onnxruntime-common": "1.21.0",
				"tar": "^7.0.1"
			}
		},
		"node_modules/onnxruntime-node/node_modules/tar": {
			"version": "7.5.2",
			"license": "BlueOak-1.0.0",
			"dependencies": {
				"@isaacs/fs-minipass": "^4.0.0",
				"chownr": "^3.0.0",
				"minipass": "^7.1.2",
				"minizlib": "^3.1.0",
				"yallist": "^5.0.0"
			},
			"engines": {
				"node": ">=18"
			}
		},
		"node_modules/onnxruntime-node/node_modules/tar/node_modules/chownr": {
			"version": "3.0.0",
			"license": "BlueOak-1.0.0",
			"engines": {
				"node": ">=18"
			}
		},
		"node_modules/onnxruntime-node/node_modules/tar/node_modules/minipass": {
			"version": "7.1.2",
			"license": "ISC",
			"engines": {
				"node": ">=16 || 14 >=14.17"
			}
		},
		"node_modules/onnxruntime-node/node_modules/tar/node_modules/minizlib": {
			"version": "3.1.0",
			"license": "MIT",
			"dependencies": {
				"minipass": "^7.1.2"
			},
			"engines": {
				"node": ">= 18"
			}
		},
		"node_modules/onnxruntime-node/node_modules/tar/node_modules/yallist": {
			"version": "5.0.0",
			"license": "BlueOak-1.0.0",
			"engines": {
				"node": ">=18"
			}
		},
		"node_modules/pandemonium": {
			"version": "2.4.1",
			"license": "MIT",
			"dependencies": {
				"mnemonist": "^0.39.2"
			}
		},
		"node_modules/parseurl": {
			"version": "1.3.3",
			"license": "MIT",
			"engines": {
				"node": ">= 0.8"
			}
		},
		"node_modules/path-key": {
			"version": "3.1.1",
			"license": "MIT",
			"engines": {
				"node": ">=8"
			}
		},
		"node_modules/path-to-regexp": {
			"version": "8.3.0",
			"license": "MIT",
			"funding": {
				"type": "opencollective",
				"url": "https://opencollective.com/express"
			}
		},
		"node_modules/pino": {
			"version": "10.1.0",
			"license": "MIT",
			"dependencies": {
				"@pinojs/redact": "^0.4.0",
				"atomic-sleep": "^1.0.0",
				"on-exit-leak-free": "^2.1.0",
				"pino-abstract-transport": "^2.0.0",
				"pino-std-serializers": "^7.0.0",
				"process-warning": "^5.0.0",
				"quick-format-unescaped": "^4.0.3",
				"real-require": "^0.2.0",
				"safe-stable-stringify": "^2.3.1",
				"sonic-boom": "^4.0.1",
				"thread-stream": "^3.0.0"
			},
			"bin": {
				"pino": "bin.js"
			}
		},
		"node_modules/pino-abstract-transport": {
			"version": "3.0.0",
			"dev": true,
			"license": "MIT",
			"dependencies": {
				"split2": "^4.0.0"
			}
		},
		"node_modules/pino-pretty": {
			"version": "13.1.3",
			"dev": true,
			"license": "MIT",
			"dependencies": {
				"colorette": "^2.0.7",
				"dateformat": "^4.6.3",
				"fast-copy": "^4.0.0",
				"fast-safe-stringify": "^2.1.1",
				"help-me": "^5.0.0",
				"joycon": "^3.1.1",
				"minimist": "^1.2.6",
				"on-exit-leak-free": "^2.1.0",
				"pino-abstract-transport": "^3.0.0",
				"pump": "^3.0.0",
				"secure-json-parse": "^4.0.0",
				"sonic-boom": "^4.0.1",
				"strip-json-comments": "^5.0.2"
			},
			"bin": {
				"pino-pretty": "bin.js"
			}
		},
		"node_modules/pino-std-serializers": {
			"version": "7.0.0",
			"license": "MIT"
		},
		"node_modules/pino/node_modules/pino-abstract-transport": {
			"version": "2.0.0",
			"license": "MIT",
			"dependencies": {
				"split2": "^4.0.0"
			}
		},
		"node_modules/pkce-challenge": {
			"version": "5.0.1",
			"license": "MIT",
			"engines": {
				"node": ">=16.20.0"
			}
		},
		"node_modules/process-warning": {
			"version": "5.0.0",
			"funding": [
				{
					"type": "github",
					"url": "https://github.com/sponsors/fastify"
				},
				{
					"type": "opencollective",
					"url": "https://opencollective.com/fastify"
				}
			],
			"license": "MIT"
		},
		"node_modules/progress": {
			"version": "2.0.3",
			"license": "MIT",
			"engines": {
				"node": ">=0.4.0"
			}
		},
		"node_modules/proxy-addr": {
			"version": "2.0.7",
			"license": "MIT",
			"dependencies": {
				"forwarded": "0.2.0",
				"ipaddr.js": "1.9.1"
			},
			"engines": {
				"node": ">= 0.10"
			}
		},
		"node_modules/pump": {
			"version": "3.0.3",
			"dev": true,
			"license": "MIT",
			"dependencies": {
				"end-of-stream": "^1.1.0",
				"once": "^1.3.1"
			}
		},
		"node_modules/qs": {
			"version": "6.14.1",
			"resolved": "https://registry.npmjs.org/qs/-/qs-6.14.1.tgz",
			"integrity": "sha512-4EK3+xJl8Ts67nLYNwqw/dsFVnCf+qR7RgXSK9jEEm9unao3njwMDdmsdvoKBKHzxd7tCYz5e5M+SnMjdtXGQQ==",
			"license": "BSD-3-Clause",
			"dependencies": {
				"side-channel": "^1.1.0"
			},
			"engines": {
				"node": ">=0.6"
			},
			"funding": {
				"url": "https://github.com/sponsors/ljharb"
			}
		},
		"node_modules/quick-format-unescaped": {
			"version": "4.0.4",
			"license": "MIT"
		},
		"node_modules/range-parser": {
			"version": "1.2.1",
			"license": "MIT",
			"engines": {
				"node": ">= 0.6"
			}
		},
		"node_modules/raw-body": {
			"version": "3.0.2",
			"license": "MIT",
			"dependencies": {
				"bytes": "~3.1.2",
				"http-errors": "~2.0.1",
				"iconv-lite": "~0.7.0",
				"unpipe": "~1.0.0"
			},
			"engines": {
				"node": ">= 0.10"
			}
		},
		"node_modules/real-require": {
			"version": "0.2.0",
			"license": "MIT",
			"engines": {
				"node": ">= 12.13.0"
			}
		},
		"node_modules/require-from-string": {
			"version": "2.0.2",
			"license": "MIT",
			"engines": {
				"node": ">=0.10.0"
			}
		},
		"node_modules/roarr": {
			"version": "2.15.4",
			"license": "BSD-3-Clause",
			"dependencies": {
				"boolean": "^3.0.1",
				"detect-node": "^2.0.4",
				"globalthis": "^1.0.1",
				"json-stringify-safe": "^5.0.1",
				"semver-compare": "^1.0.0",
				"sprintf-js": "^1.1.2"
			},
			"engines": {
				"node": ">=8.0"
			}
		},
		"node_modules/router": {
			"version": "2.2.0",
			"license": "MIT",
			"dependencies": {
				"debug": "^4.4.0",
				"depd": "^2.0.0",
				"is-promise": "^4.0.0",
				"parseurl": "^1.3.3",
				"path-to-regexp": "^8.0.0"
			},
			"engines": {
				"node": ">= 18"
			}
		},
		"node_modules/safe-stable-stringify": {
			"version": "2.5.0",
			"license": "MIT",
			"engines": {
				"node": ">=10"
			}
		},
		"node_modules/safer-buffer": {
			"version": "2.1.2",
			"license": "MIT"
		},
		"node_modules/secure-json-parse": {
			"version": "4.1.0",
			"dev": true,
			"funding": [
				{
					"type": "github",
					"url": "https://github.com/sponsors/fastify"
				},
				{
					"type": "opencollective",
					"url": "https://opencollective.com/fastify"
				}
			],
			"license": "BSD-3-Clause"
		},
		"node_modules/semver": {
			"version": "7.7.3",
			"license": "ISC",
			"bin": {
				"semver": "bin/semver.js"
			},
			"engines": {
				"node": ">=10"
			}
		},
		"node_modules/semver-compare": {
			"version": "1.0.0",
			"license": "MIT"
		},
		"node_modules/send": {
			"version": "1.2.1",
			"license": "MIT",
			"dependencies": {
				"debug": "^4.4.3",
				"encodeurl": "^2.0.0",
				"escape-html": "^1.0.3",
				"etag": "^1.8.1",
				"fresh": "^2.0.0",
				"http-errors": "^2.0.1",
				"mime-types": "^3.0.2",
				"ms": "^2.1.3",
				"on-finished": "^2.4.1",
				"range-parser": "^1.2.1",
				"statuses": "^2.0.2"
			},
			"engines": {
				"node": ">= 18"
			},
			"funding": {
				"type": "opencollective",
				"url": "https://opencollective.com/express"
			}
		},
		"node_modules/serialize-error": {
			"version": "7.0.1",
			"license": "MIT",
			"dependencies": {
				"type-fest": "^0.13.1"
			},
			"engines": {
				"node": ">=10"
			},
			"funding": {
				"url": "https://github.com/sponsors/sindresorhus"
			}
		},
		"node_modules/serve-static": {
			"version": "2.2.1",
			"license": "MIT",
			"dependencies": {
				"encodeurl": "^2.0.0",
				"escape-html": "^1.0.3",
				"parseurl": "^1.3.3",
				"send": "^1.2.0"
			},
			"engines": {
				"node": ">= 18"
			},
			"funding": {
				"type": "opencollective",
				"url": "https://opencollective.com/express"
			}
		},
		"node_modules/setprototypeof": {
			"version": "1.2.0",
			"license": "ISC"
		},
		"node_modules/shebang-command": {
			"version": "2.0.0",
			"license": "MIT",
			"dependencies": {
				"shebang-regex": "^3.0.0"
			},
			"engines": {
				"node": ">=8"
			}
		},
		"node_modules/shebang-regex": {
			"version": "3.0.0",
			"license": "MIT",
			"engines": {
				"node": ">=8"
			}
		},
		"node_modules/side-channel": {
			"version": "1.1.0",
			"license": "MIT",
			"dependencies": {
				"es-errors": "^1.3.0",
				"object-inspect": "^1.13.3",
				"side-channel-list": "^1.0.0",
				"side-channel-map": "^1.0.1",
				"side-channel-weakmap": "^1.0.2"
			},
			"engines": {
				"node": ">= 0.4"
			},
			"funding": {
				"url": "https://github.com/sponsors/ljharb"
			}
		},
		"node_modules/side-channel-list": {
			"version": "1.0.0",
			"license": "MIT",
			"dependencies": {
				"es-errors": "^1.3.0",
				"object-inspect": "^1.13.3"
			},
			"engines": {
				"node": ">= 0.4"
			},
			"funding": {
				"url": "https://github.com/sponsors/ljharb"
			}
		},
		"node_modules/side-channel-map": {
			"version": "1.0.1",
			"license": "MIT",
			"dependencies": {
				"call-bound": "^1.0.2",
				"es-errors": "^1.3.0",
				"get-intrinsic": "^1.2.5",
				"object-inspect": "^1.13.3"
			},
			"engines": {
				"node": ">= 0.4"
			},
			"funding": {
				"url": "https://github.com/sponsors/ljharb"
			}
		},
		"node_modules/side-channel-weakmap": {
			"version": "1.0.2",
			"license": "MIT",
			"dependencies": {
				"call-bound": "^1.0.2",
				"es-errors": "^1.3.0",
				"get-intrinsic": "^1.2.5",
				"object-inspect": "^1.13.3",
				"side-channel-map": "^1.0.1"
			},
			"engines": {
				"node": ">= 0.4"
			},
			"funding": {
				"url": "https://github.com/sponsors/ljharb"
			}
		},
		"node_modules/sonic-boom": {
			"version": "4.2.0",
			"license": "MIT",
			"dependencies": {
				"atomic-sleep": "^1.0.0"
			}
		},
		"node_modules/split2": {
			"version": "4.2.0",
			"license": "ISC",
			"engines": {
				"node": ">= 10.x"
			}
		},
		"node_modules/sprintf-js": {
			"version": "1.1.3",
			"license": "BSD-3-Clause"
		},
		"node_modules/statuses": {
			"version": "2.0.2",
			"license": "MIT",
			"engines": {
				"node": ">= 0.8"
			}
		},
		"node_modules/strip-json-comments": {
			"version": "5.0.3",
			"dev": true,
			"license": "MIT",
			"engines": {
				"node": ">=14.16"
			},
			"funding": {
				"url": "https://github.com/sponsors/sindresorhus"
			}
		},
		"node_modules/tar": {
			"version": "6.2.1",
			"license": "ISC",
			"dependencies": {
				"chownr": "^2.0.0",
				"fs-minipass": "^2.0.0",
				"minipass": "^5.0.0",
				"minizlib": "^2.1.1",
				"mkdirp": "^1.0.3",
				"yallist": "^4.0.0"
			},
			"engines": {
				"node": ">=10"
			}
		},
		"node_modules/thread-stream": {
			"version": "3.1.0",
			"license": "MIT",
			"dependencies": {
				"real-require": "^0.2.0"
			}
		},
		"node_modules/toidentifier": {
			"version": "1.0.1",
			"license": "MIT",
			"engines": {
				"node": ">=0.6"
			}
		},
		"node_modules/type-fest": {
			"version": "0.13.1",
			"license": "(MIT OR CC0-1.0)",
			"engines": {
				"node": ">=10"
			},
			"funding": {
				"url": "https://github.com/sponsors/sindresorhus"
			}
		},
		"node_modules/type-is": {
			"version": "2.0.1",
			"license": "MIT",
			"dependencies": {
				"content-type": "^1.0.5",
				"media-typer": "^1.1.0",
				"mime-types": "^3.0.0"
			},
			"engines": {
				"node": ">= 0.6"
			}
		},
		"node_modules/undici-types": {
			"version": "7.16.0",
			"dev": true,
			"license": "MIT"
		},
		"node_modules/unpipe": {
			"version": "1.0.0",
			"license": "MIT",
			"engines": {
				"node": ">= 0.8"
			}
		},
		"node_modules/vary": {
			"version": "1.1.2",
			"license": "MIT",
			"engines": {
				"node": ">= 0.8"
			}
		},
		"node_modules/which": {
			"version": "2.0.2",
			"license": "ISC",
			"dependencies": {
				"isexe": "^2.0.0"
			},
			"bin": {
				"node-which": "bin/node-which"
			},
			"engines": {
				"node": ">= 8"
			}
		},
		"node_modules/which-pm-runs": {
			"version": "1.1.0",
			"dev": true,
			"license": "MIT",
			"engines": {
				"node": ">=4"
			}
		},
		"node_modules/wrappy": {
			"version": "1.0.2",
			"license": "ISC"
		},
		"node_modules/xml-writer": {
			"version": "1.7.0",
			"license": "MIT",
			"engines": {
				"node": ">=0.4.0"
			}
		},
		"node_modules/yallist": {
			"version": "4.0.0",
			"license": "ISC"
		},
		"node_modules/zod": {
			"version": "3.25.76",
			"license": "MIT",
			"funding": {
				"url": "https://github.com/sponsors/colinhacks"
			}
		},
		"node_modules/zod-to-json-schema": {
			"version": "3.25.0",
			"license": "ISC",
			"peerDependencies": {
				"zod": "^3.25 || ^4"
			}
		}
	}
}
